
Microsoft Visual Studio Solution File, Format Version 12.00
# Visual Studio 14
VisualStudioVersion = 14.0.25420.1
MinimumVisualStudioVersion = 10.0.40219.1
Project("{FAE04EC0-301F-11D3-BF4B-00C04F79EFBC}") = "5ifdoblementeenlazado_multas_de_transito", "5ifdoblementeenlazado_multas_de_transito\5ifdoblementeenlazado_multas_de_transito.csproj", "{DAC8B9C3-17CB-487F-8CFD-C8C473800625}"
EndProject
Global
	GlobalSection(SolutionConfigurationPlatforms) = preSolution
		Debug|Any CPU = Debug|Any CPU
		Release|Any CPU = Release|Any CPU
	EndGlobalSection
	GlobalSection(ProjectConfigurationPlatforms) = postSolution
		{DAC8B9C3-17CB-487F-8CFD-C8C473800625}.Debug|Any CPU.ActiveCfg = Debug|Any CPU
		{DAC8B9C3-17CB-487F-8CFD-C8C473800625}.Debug|Any CPU.Build.0 = Debug|Any CPU
		{DAC8B9C3-17CB-487F-8CFD-C8C473800625}.Release|Any CPU.ActiveCfg = Release|Any CPU
		{DAC8B9C3-17CB-487F-8CFD-C8C473800625}.Release|Any CPU.Build.0 = Release|Any CPU
	EndGlobalSection
	GlobalSection(SolutionProperties) = preSolution
		HideSolutionNode = FALSE
	EndGlobalSection
EndGlobal
